<?xml version="1.0" encoding="utf-8"?>
<Project ToolsVersion="4.0" xmlns="http://schemas.microsoft.com/developer/msbuild/2003">
  <ItemGroup>
    <ClInclude Include="pch.h">
      <Filter>Main</Filter>
    </ClInclude>
    <ClInclude Include="Main.h">
      <Filter>Main</Filter>
    </ClInclude>
    <ClInclude Include="CameraScript.h">
      <Filter>Utils</Filter>
    </ClInclude>
    <ClInclude Include="AssimpTool.h">
      <Filter>Game</Filter>
    </ClInclude>
    <ClInclude Include="Converter.h">
      <Filter>Utils</Filter>
    </ClInclude>
    <ClInclude Include="AsTypes.h" />
    <ClInclude Include="StaticMeshDemo.h">
      <Filter>Game</Filter>
    </ClInclude>
    <ClInclude Include="ImGUIDemo.h">
      <Filter>Game</Filter>
    </ClInclude>
  </ItemGroup>
  <ItemGroup>
    <ClCompile Include="Main.cpp">
      <Filter>Main</Filter>
    </ClCompile>
    <ClCompile Include="pch.cpp">
      <Filter>Main</Filter>
    </ClCompile>
    <ClCompile Include="CameraScript.cpp">
      <Filter>Utils</Filter>
    </ClCompile>
    <ClCompile Include="AssimpTool.cpp">
      <Filter>Game</Filter>
    </ClCompile>
    <ClCompile Include="Converter.cpp">
      <Filter>Utils</Filter>
    </ClCompile>
    <ClCompile Include="AsTypes.cpp" />
    <ClCompile Include="StaticMeshDemo.cpp">
      <Filter>Game</Filter>
    </ClCompile>
    <ClCompile Include="ImGUIDemo.cpp">
      <Filter>Game</Filter>
    </ClCompile>
  </ItemGroup>
  <ItemGroup>
    <Filter Include="Main">
      <UniqueIdentifier>{aaf0a60a-1bf7-4488-ab59-f4945384e71e}</UniqueIdentifier>
    </Filter>
    <Filter Include="Utils">
      <UniqueIdentifier>{9a55f3ad-cef0-4b53-be7d-d832c316876f}</UniqueIdentifier>
    </Filter>
    <Filter Include="Game">
      <UniqueIdentifier>{e1b05f6d-bdfe-4d23-9b1e-df478d5d1a2a}</UniqueIdentifier>
    </Filter>
  </ItemGroup>
</Project>