<?xml version="1.0" encoding="utf-8"?>
<Project ToolsVersion="4.0" xmlns="http://schemas.microsoft.com/developer/msbuild/2003">
  <ItemGroup>
    <Filter Include="Source Files">
      <UniqueIdentifier>{4FC737F1-C7A5-4376-A066-2A32D752A2FF}</UniqueIdentifier>
      <Extensions>cpp;c;cc;cxx;c++;cppm;ixx;def;odl;idl;hpj;bat;asm;asmx</Extensions>
    </Filter>
    <Filter Include="Game">
      <UniqueIdentifier>{e688e796-175a-4c92-b872-038cd28f2f57}</UniqueIdentifier>
    </Filter>
    <Filter Include="Main">
      <UniqueIdentifier>{0aece9c7-cf74-4225-87f8-4046dde3a678}</UniqueIdentifier>
    </Filter>
    <Filter Include="Shaders">
      <UniqueIdentifier>{d103b5f7-a5a5-4ab8-84a3-d8e936fcf1ad}</UniqueIdentifier>
    </Filter>
    <Filter Include="Main\Camera">
      <UniqueIdentifier>{17255cef-cd55-4ee8-91d1-4b42ac8a888a}</UniqueIdentifier>
    </Filter>
    <Filter Include="Game\Week1">
      <UniqueIdentifier>{dd372e47-1817-4f79-8e77-0c914ad93909}</UniqueIdentifier>
    </Filter>
    <Filter Include="Game\Week2">
      <UniqueIdentifier>{4bb365b5-74ad-4172-918c-892c5682f4d5}</UniqueIdentifier>
    </Filter>
    <Filter Include="Shaders\Week1">
      <UniqueIdentifier>{f06531b7-a36f-47e9-9180-1ff2405b12f0}</UniqueIdentifier>
    </Filter>
    <Filter Include="Shaders\Week2">
      <UniqueIdentifier>{6f2b2757-d30c-4d48-a98a-32481af4321e}</UniqueIdentifier>
    </Filter>
    <Filter Include="Shaders\Common">
      <UniqueIdentifier>{d3ba7a2a-506f-4b0d-8ee5-288b60cc3dbb}</UniqueIdentifier>
    </Filter>
    <Filter Include="Shaders\Week3">
      <UniqueIdentifier>{9802a134-3003-4845-809a-8184cf394cf4}</UniqueIdentifier>
    </Filter>
    <Filter Include="Game\Week4">
      <UniqueIdentifier>{e7b68d68-c922-4109-8574-989ecf86c45e}</UniqueIdentifier>
    </Filter>
    <Filter Include="Shaders\Week4">
      <UniqueIdentifier>{0a8e0e02-1f49-46c0-a083-7c3ed48736ef}</UniqueIdentifier>
    </Filter>
  </ItemGroup>
  <ItemGroup>
    <ClCompile Include="pch.cpp">
      <Filter>Main</Filter>
    </ClCompile>
    <ClCompile Include="Main.cpp">
      <Filter>Main</Filter>
    </ClCompile>
    <ClCompile Include="CameraScript.cpp">
      <Filter>Source Files</Filter>
    </ClCompile>
    <ClCompile Include="CameraDemo.cpp">
      <Filter>Game\Week1</Filter>
    </ClCompile>
    <ClCompile Include="ConstantBufferDemo.cpp">
      <Filter>Game\Week1</Filter>
    </ClCompile>
    <ClCompile Include="HeightMapDemo.cpp">
      <Filter>Game\Week1</Filter>
    </ClCompile>
    <ClCompile Include="MeshDemo.cpp">
      <Filter>Game\Week1</Filter>
    </ClCompile>
    <ClCompile Include="NormalDemo.cpp">
      <Filter>Game\Week1</Filter>
    </ClCompile>
    <ClCompile Include="QuadDemo.cpp">
      <Filter>Game\Week1</Filter>
    </ClCompile>
    <ClCompile Include="SamplerDemo.cpp">
      <Filter>Game\Week1</Filter>
    </ClCompile>
    <ClCompile Include="TextureDemo.cpp">
      <Filter>Game\Week1</Filter>
    </ClCompile>
    <ClCompile Include="TriangleDemo.cpp">
      <Filter>Game\Week1</Filter>
    </ClCompile>
    <ClCompile Include="GlobalTestDemo.cpp">
      <Filter>Game\Week2</Filter>
    </ClCompile>
    <ClCompile Include="DepthStencilDemo.cpp">
      <Filter>Game\Week2</Filter>
    </ClCompile>
    <ClCompile Include="AmbientDemo.cpp">
      <Filter>Game\Week2</Filter>
    </ClCompile>
    <ClCompile Include="DiffuseDemo.cpp">
      <Filter>Game\Week2</Filter>
    </ClCompile>
    <ClCompile Include="SpecularDemo.cpp">
      <Filter>Game\Week2</Filter>
    </ClCompile>
    <ClCompile Include="EmissiveDemo.cpp">
      <Filter>Game\Week2</Filter>
    </ClCompile>
    <ClCompile Include="LightingDemo.cpp">
      <Filter>Game\Week2</Filter>
    </ClCompile>
    <ClCompile Include="MaterialDemo.cpp">
      <Filter>Game\Week2</Filter>
    </ClCompile>
    <ClCompile Include="NormalMappingDemo.cpp">
      <Filter>Game\Week2</Filter>
    </ClCompile>
    <ClCompile Include="InstancingDemo.cpp">
      <Filter>Game\Week4</Filter>
    </ClCompile>
    <ClCompile Include="MeshInstancingDemo.cpp">
      <Filter>Game\Week4</Filter>
    </ClCompile>
    <ClCompile Include="ModelInstancingDemo.cpp">
      <Filter>Game\Week4</Filter>
    </ClCompile>
    <ClCompile Include="AnimInstancingDemo.cpp">
      <Filter>Game\Week4</Filter>
    </ClCompile>
    <ClCompile Include="RenderDemo.cpp">
      <Filter>Game\Week4</Filter>
    </ClCompile>
    <ClCompile Include="SceneDemo.cpp">
      <Filter>Game\Week4</Filter>
    </ClCompile>
  </ItemGroup>
  <ItemGroup>
    <ClInclude Include="pch.h">
      <Filter>Main</Filter>
    </ClInclude>
    <ClInclude Include="Main.h">
      <Filter>Main</Filter>
    </ClInclude>
    <ClInclude Include="CameraScript.h">
      <Filter>Source Files</Filter>
    </ClInclude>
    <ClInclude Include="CameraDemo.h">
      <Filter>Game\Week1</Filter>
    </ClInclude>
    <ClInclude Include="ConstantBufferDemo.h">
      <Filter>Game\Week1</Filter>
    </ClInclude>
    <ClInclude Include="HeightMapDemo.h">
      <Filter>Game\Week1</Filter>
    </ClInclude>
    <ClInclude Include="MeshDemo.h">
      <Filter>Game\Week1</Filter>
    </ClInclude>
    <ClInclude Include="NormalDemo.h">
      <Filter>Game\Week1</Filter>
    </ClInclude>
    <ClInclude Include="QuadDemo.h">
      <Filter>Game\Week1</Filter>
    </ClInclude>
    <ClInclude Include="SamplerDemo.h">
      <Filter>Game\Week1</Filter>
    </ClInclude>
    <ClInclude Include="TextureDemo.h">
      <Filter>Game\Week1</Filter>
    </ClInclude>
    <ClInclude Include="TriangleDemo.h">
      <Filter>Game\Week1</Filter>
    </ClInclude>
    <ClInclude Include="GlobalTestDemo.h">
      <Filter>Game\Week2</Filter>
    </ClInclude>
    <ClInclude Include="DepthStencilDemo.h">
      <Filter>Game\Week2</Filter>
    </ClInclude>
    <ClInclude Include="AmbientDemo.h">
      <Filter>Game\Week2</Filter>
    </ClInclude>
    <ClInclude Include="DiffuseDemo.h">
      <Filter>Game\Week2</Filter>
    </ClInclude>
    <ClInclude Include="SpecularDemo.h">
      <Filter>Game\Week2</Filter>
    </ClInclude>
    <ClInclude Include="EmissiveDemo.h">
      <Filter>Game\Week2</Filter>
    </ClInclude>
    <ClInclude Include="LightingDemo.h">
      <Filter>Game\Week2</Filter>
    </ClInclude>
    <ClInclude Include="MaterialDemo.h">
      <Filter>Game\Week2</Filter>
    </ClInclude>
    <ClInclude Include="NormalMappingDemo.h">
      <Filter>Game\Week2</Filter>
    </ClInclude>
    <ClInclude Include="InstancingDemo.h">
      <Filter>Game\Week4</Filter>
    </ClInclude>
    <ClInclude Include="MeshInstancingDemo.h">
      <Filter>Game\Week4</Filter>
    </ClInclude>
    <ClInclude Include="ModelInstancingDemo.h">
      <Filter>Game\Week4</Filter>
    </ClInclude>
    <ClInclude Include="AnimInstancingDemo.h">
      <Filter>Game\Week4</Filter>
    </ClInclude>
    <ClInclude Include="RenderDemo.h">
      <Filter>Game\Week4</Filter>
    </ClInclude>
    <ClInclude Include="SceneDemo.h">
      <Filter>Game\Week4</Filter>
    </ClInclude>
  </ItemGroup>
  <ItemGroup>
    <FxCompile Include="..\Shaders\World.fx">
      <Filter>Shaders\Week1</Filter>
    </FxCompile>
    <FxCompile Include="..\Shaders\ConstantBuffer.fx">
      <Filter>Shaders\Week1</Filter>
    </FxCompile>
    <FxCompile Include="..\Shaders\Normal.fx">
      <Filter>Shaders\Week1</Filter>
    </FxCompile>
    <FxCompile Include="..\Shaders\Quad.fx">
      <Filter>Shaders\Week1</Filter>
    </FxCompile>
    <FxCompile Include="..\Shaders\Sampler.fx">
      <Filter>Shaders\Week1</Filter>
    </FxCompile>
    <FxCompile Include="..\Shaders\Texture.fx">
      <Filter>Shaders\Week1</Filter>
    </FxCompile>
    <FxCompile Include="..\Shaders\Triangle.fx">
      <Filter>Shaders\Week1</Filter>
    </FxCompile>
    <FxCompile Include="..\Shaders\Global.fx">
      <Filter>Shaders\Common</Filter>
    </FxCompile>
    <FxCompile Include="..\Shaders\GlobalTest.fx">
      <Filter>Shaders\Week2</Filter>
    </FxCompile>
    <FxCompile Include="..\Shaders\Lighting_Ambient.fx">
      <Filter>Shaders\Week2</Filter>
    </FxCompile>
    <FxCompile Include="..\Shaders\Lighting_Diffuse.fx">
      <Filter>Shaders\Week2</Filter>
    </FxCompile>
    <FxCompile Include="..\Shaders\Lighting_Specular.fx">
      <Filter>Shaders\Week2</Filter>
    </FxCompile>
    <FxCompile Include="..\Shaders\Lighting_Emissive.fx">
      <Filter>Shaders\Week2</Filter>
    </FxCompile>
    <FxCompile Include="..\Shaders\Lighting.fx">
      <Filter>Shaders\Week2</Filter>
    </FxCompile>
    <FxCompile Include="..\Shaders\Light.fx">
      <Filter>Shaders\Common</Filter>
    </FxCompile>
    <FxCompile Include="..\Shaders\NormalMapping.fx">
      <Filter>Shaders\Week2</Filter>
    </FxCompile>
    <FxCompile Include="..\Shaders\ModelDemo.fx">
      <Filter>Shaders\Week3</Filter>
    </FxCompile>
    <FxCompile Include="..\Shaders\AnimationDemo.fx">
      <Filter>Shaders\Week3</Filter>
    </FxCompile>
    <FxCompile Include="..\Shaders\TweenDemo.fx">
      <Filter>Shaders\Week3</Filter>
    </FxCompile>
    <FxCompile Include="..\Shaders\SkyDemo.fx">
      <Filter>Shaders\Week3</Filter>
    </FxCompile>
    <FxCompile Include="..\Shaders\InstancingDemo.fx">
      <Filter>Shaders\Week4</Filter>
    </FxCompile>
    <FxCompile Include="..\Shaders\MeshInstancingDemo.fx">
      <Filter>Shaders\Week4</Filter>
    </FxCompile>
    <FxCompile Include="..\Shaders\ModelInstancingDemo.fx">
      <Filter>Shaders\Week4</Filter>
    </FxCompile>
    <FxCompile Include="..\Shaders\AnimInstancingDemo.fx">
      <Filter>Shaders\Week4</Filter>
    </FxCompile>
    <FxCompile Include="..\Shaders\RenderDemo.fx">
      <Filter>Shaders\Week4</Filter>
    </FxCompile>
    <FxCompile Include="..\Shaders\Render.fx">
      <Filter>Shaders\Common</Filter>
    </FxCompile>
  </ItemGroup>
</Project>